
Microsoft Visual Studio Solution File, Format Version 12.00
# Visual Studio Version 17
VisualStudioVersion = 17.14.36518.9
MinimumVisualStudioVersion = 10.0.40219.1
Project("{FAE04EC0-301F-11D3-BF4B-00C04F79EFBC}") = "Kursova", "Kursova\Kursova.csproj", "{C01ACD5C-322D-4921-ABB9-7530D58449A8}"
EndProject
Project("{FAE04EC0-301F-11D3-BF4B-00C04F79EFBC}") = "Kursova.Tests", "Kursova.Tests\Kursova.Tests.csproj", "{1A55F9D0-E80F-4E6B-BE99-1C10BB51EA23}"
EndProject
Global
	GlobalSection(SolutionConfigurationPlatforms) = preSolution
		Debug|Any CPU = Debug|Any CPU
		Release|Any CPU = Release|Any CPU
	EndGlobalSection
	GlobalSection(ProjectConfigurationPlatforms) = postSolution
		{C01ACD5C-322D-4921-ABB9-7530D58449A8}.Debug|Any CPU.ActiveCfg = Debug|Any CPU
		{C01ACD5C-322D-4921-ABB9-7530D58449A8}.Debug|Any CPU.Build.0 = Debug|Any CPU
		{C01ACD5C-322D-4921-ABB9-7530D58449A8}.Release|Any CPU.ActiveCfg = Release|Any CPU
		{C01ACD5C-322D-4921-ABB9-7530D58449A8}.Release|Any CPU.Build.0 = Release|Any CPU
		{1A55F9D0-E80F-4E6B-BE99-1C10BB51EA23}.Debug|Any CPU.ActiveCfg = Debug|Any CPU
		{1A55F9D0-E80F-4E6B-BE99-1C10BB51EA23}.Debug|Any CPU.Build.0 = Debug|Any CPU
		{1A55F9D0-E80F-4E6B-BE99-1C10BB51EA23}.Release|Any CPU.ActiveCfg = Release|Any CPU
		{1A55F9D0-E80F-4E6B-BE99-1C10BB51EA23}.Release|Any CPU.Build.0 = Release|Any CPU
	EndGlobalSection
	GlobalSection(SolutionProperties) = preSolution
		HideSolutionNode = FALSE
	EndGlobalSection
	GlobalSection(ExtensibilityGlobals) = postSolution
		SolutionGuid = {EF5ACC07-A6F5-4A11-B45E-E7666AB3EF1A}
	EndGlobalSection
EndGlobal
